
Microsoft Visual Studio Solution File, Format Version 12.00
# Visual Studio 15
VisualStudioVersion = 15.0.26124.0
MinimumVisualStudioVersion = 15.0.26124.0
Project("{FAE04EC0-301F-11D3-BF4B-00C04F79EFBC}") = "kiosk", "kiosk\kiosk.csproj", "{723939CE-AFEB-45D1-B5FF-7ED4F4E78A4F}"
EndProject
Project("{FAE04EC0-301F-11D3-BF4B-00C04F79EFBC}") = "Repository", "Repository\Repository.csproj", "{65C50140-1E18-4EE8-8904-80733BE3632C}"
EndProject
Project("{FAE04EC0-301F-11D3-BF4B-00C04F79EFBC}") = "Repository.Test", "Repository.Test\Repository.Test.csproj", "{31E3AB20-55B6-4878-81B2-3B5F1A5127B2}"
EndProject
Project("{FAE04EC0-301F-11D3-BF4B-00C04F79EFBC}") = "StoreDomain", "StoreDomain\StoreDomain.csproj", "{EEF44736-210B-4D07-AE2C-36AF1D1BB501}"
EndProject
Project("{FAE04EC0-301F-11D3-BF4B-00C04F79EFBC}") = "StoreDomain.Test", "StoreDomain.Test\StoreDomain.Test.csproj", "{6F015EA0-0AC7-4CF0-85DC-0CF87FA2C72C}"
EndProject
Global
	GlobalSection(SolutionConfigurationPlatforms) = preSolution
		Debug|Any CPU = Debug|Any CPU
		Debug|x64 = Debug|x64
		Debug|x86 = Debug|x86
		Release|Any CPU = Release|Any CPU
		Release|x64 = Release|x64
		Release|x86 = Release|x86
	EndGlobalSection
	GlobalSection(SolutionProperties) = preSolution
		HideSolutionNode = FALSE
	EndGlobalSection
	GlobalSection(ProjectConfigurationPlatforms) = postSolution
		{723939CE-AFEB-45D1-B5FF-7ED4F4E78A4F}.Debug|Any CPU.ActiveCfg = Debug|Any CPU
		{723939CE-AFEB-45D1-B5FF-7ED4F4E78A4F}.Debug|Any CPU.Build.0 = Debug|Any CPU
		{723939CE-AFEB-45D1-B5FF-7ED4F4E78A4F}.Debug|x64.ActiveCfg = Debug|Any CPU
		{723939CE-AFEB-45D1-B5FF-7ED4F4E78A4F}.Debug|x64.Build.0 = Debug|Any CPU
		{723939CE-AFEB-45D1-B5FF-7ED4F4E78A4F}.Debug|x86.ActiveCfg = Debug|Any CPU
		{723939CE-AFEB-45D1-B5FF-7ED4F4E78A4F}.Debug|x86.Build.0 = Debug|Any CPU
		{723939CE-AFEB-45D1-B5FF-7ED4F4E78A4F}.Release|Any CPU.ActiveCfg = Release|Any CPU
		{723939CE-AFEB-45D1-B5FF-7ED4F4E78A4F}.Release|Any CPU.Build.0 = Release|Any CPU
		{723939CE-AFEB-45D1-B5FF-7ED4F4E78A4F}.Release|x64.ActiveCfg = Release|Any CPU
		{723939CE-AFEB-45D1-B5FF-7ED4F4E78A4F}.Release|x64.Build.0 = Release|Any CPU
		{723939CE-AFEB-45D1-B5FF-7ED4F4E78A4F}.Release|x86.ActiveCfg = Release|Any CPU
		{723939CE-AFEB-45D1-B5FF-7ED4F4E78A4F}.Release|x86.Build.0 = Release|Any CPU
		{65C50140-1E18-4EE8-8904-80733BE3632C}.Debug|Any CPU.ActiveCfg = Debug|Any CPU
		{65C50140-1E18-4EE8-8904-80733BE3632C}.Debug|Any CPU.Build.0 = Debug|Any CPU
		{65C50140-1E18-4EE8-8904-80733BE3632C}.Debug|x64.ActiveCfg = Debug|Any CPU
		{65C50140-1E18-4EE8-8904-80733BE3632C}.Debug|x64.Build.0 = Debug|Any CPU
		{65C50140-1E18-4EE8-8904-80733BE3632C}.Debug|x86.ActiveCfg = Debug|Any CPU
		{65C50140-1E18-4EE8-8904-80733BE3632C}.Debug|x86.Build.0 = Debug|Any CPU
		{65C50140-1E18-4EE8-8904-80733BE3632C}.Release|Any CPU.ActiveCfg = Release|Any CPU
		{65C50140-1E18-4EE8-8904-80733BE3632C}.Release|Any CPU.Build.0 = Release|Any CPU
		{65C50140-1E18-4EE8-8904-80733BE3632C}.Release|x64.ActiveCfg = Release|Any CPU
		{65C50140-1E18-4EE8-8904-80733BE3632C}.Release|x64.Build.0 = Release|Any CPU
		{65C50140-1E18-4EE8-8904-80733BE3632C}.Release|x86.ActiveCfg = Release|Any CPU
		{65C50140-1E18-4EE8-8904-80733BE3632C}.Release|x86.Build.0 = Release|Any CPU
		{31E3AB20-55B6-4878-81B2-3B5F1A5127B2}.Debug|Any CPU.ActiveCfg = Debug|Any CPU
		{31E3AB20-55B6-4878-81B2-3B5F1A5127B2}.Debug|Any CPU.Build.0 = Debug|Any CPU
		{31E3AB20-55B6-4878-81B2-3B5F1A5127B2}.Debug|x64.ActiveCfg = Debug|Any CPU
		{31E3AB20-55B6-4878-81B2-3B5F1A5127B2}.Debug|x64.Build.0 = Debug|Any CPU
		{31E3AB20-55B6-4878-81B2-3B5F1A5127B2}.Debug|x86.ActiveCfg = Debug|Any CPU
		{31E3AB20-55B6-4878-81B2-3B5F1A5127B2}.Debug|x86.Build.0 = Debug|Any CPU
		{31E3AB20-55B6-4878-81B2-3B5F1A5127B2}.Release|Any CPU.ActiveCfg = Release|Any CPU
		{31E3AB20-55B6-4878-81B2-3B5F1A5127B2}.Release|Any CPU.Build.0 = Release|Any CPU
		{31E3AB20-55B6-4878-81B2-3B5F1A5127B2}.Release|x64.ActiveCfg = Release|Any CPU
		{31E3AB20-55B6-4878-81B2-3B5F1A5127B2}.Release|x64.Build.0 = Release|Any CPU
		{31E3AB20-55B6-4878-81B2-3B5F1A5127B2}.Release|x86.ActiveCfg = Release|Any CPU
		{31E3AB20-55B6-4878-81B2-3B5F1A5127B2}.Release|x86.Build.0 = Release|Any CPU
		{EEF44736-210B-4D07-AE2C-36AF1D1BB501}.Debug|Any CPU.ActiveCfg = Debug|Any CPU
		{EEF44736-210B-4D07-AE2C-36AF1D1BB501}.Debug|Any CPU.Build.0 = Debug|Any CPU
		{EEF44736-210B-4D07-AE2C-36AF1D1BB501}.Debug|x64.ActiveCfg = Debug|Any CPU
		{EEF44736-210B-4D07-AE2C-36AF1D1BB501}.Debug|x64.Build.0 = Debug|Any CPU
		{EEF44736-210B-4D07-AE2C-36AF1D1BB501}.Debug|x86.ActiveCfg = Debug|Any CPU
		{EEF44736-210B-4D07-AE2C-36AF1D1BB501}.Debug|x86.Build.0 = Debug|Any CPU
		{EEF44736-210B-4D07-AE2C-36AF1D1BB501}.Release|Any CPU.ActiveCfg = Release|Any CPU
		{EEF44736-210B-4D07-AE2C-36AF1D1BB501}.Release|Any CPU.Build.0 = Release|Any CPU
		{EEF44736-210B-4D07-AE2C-36AF1D1BB501}.Release|x64.ActiveCfg = Release|Any CPU
		{EEF44736-210B-4D07-AE2C-36AF1D1BB501}.Release|x64.Build.0 = Release|Any CPU
		{EEF44736-210B-4D07-AE2C-36AF1D1BB501}.Release|x86.ActiveCfg = Release|Any CPU
		{EEF44736-210B-4D07-AE2C-36AF1D1BB501}.Release|x86.Build.0 = Release|Any CPU
		{6F015EA0-0AC7-4CF0-85DC-0CF87FA2C72C}.Debug|Any CPU.ActiveCfg = Debug|Any CPU
		{6F015EA0-0AC7-4CF0-85DC-0CF87FA2C72C}.Debug|Any CPU.Build.0 = Debug|Any CPU
		{6F015EA0-0AC7-4CF0-85DC-0CF87FA2C72C}.Debug|x64.ActiveCfg = Debug|Any CPU
		{6F015EA0-0AC7-4CF0-85DC-0CF87FA2C72C}.Debug|x64.Build.0 = Debug|Any CPU
		{6F015EA0-0AC7-4CF0-85DC-0CF87FA2C72C}.Debug|x86.ActiveCfg = Debug|Any CPU
		{6F015EA0-0AC7-4CF0-85DC-0CF87FA2C72C}.Debug|x86.Build.0 = Debug|Any CPU
		{6F015EA0-0AC7-4CF0-85DC-0CF87FA2C72C}.Release|Any CPU.ActiveCfg = Release|Any CPU
		{6F015EA0-0AC7-4CF0-85DC-0CF87FA2C72C}.Release|Any CPU.Build.0 = Release|Any CPU
		{6F015EA0-0AC7-4CF0-85DC-0CF87FA2C72C}.Release|x64.ActiveCfg = Release|Any CPU
		{6F015EA0-0AC7-4CF0-85DC-0CF87FA2C72C}.Release|x64.Build.0 = Release|Any CPU
		{6F015EA0-0AC7-4CF0-85DC-0CF87FA2C72C}.Release|x86.ActiveCfg = Release|Any CPU
		{6F015EA0-0AC7-4CF0-85DC-0CF87FA2C72C}.Release|x86.Build.0 = Release|Any CPU
	EndGlobalSection
EndGlobal
